
Microsoft Visual Studio Solution File, Format Version 12.00
# Visual Studio Version 16
VisualStudioVersion = 16.0.31702.278
MinimumVisualStudioVersion = 10.0.40219.1
Project("{888888A0-9F3D-457C-B088-3A5042F75D52}") = "SDF Project", "SDF Project.pyproj", "{0DE4EDD4-374D-4994-A90D-C0F93093CFAF}"
EndProject
Global
	GlobalSection(SolutionConfigurationPlatforms) = preSolution
		Debug|Any CPU = Debug|Any CPU
		Release|Any CPU = Release|Any CPU
	EndGlobalSection
	GlobalSection(ProjectConfigurationPlatforms) = postSolution
		{0DE4EDD4-374D-4994-A90D-C0F93093CFAF}.Debug|Any CPU.ActiveCfg = Debug|Any CPU
		{0DE4EDD4-374D-4994-A90D-C0F93093CFAF}.Release|Any CPU.ActiveCfg = Release|Any CPU
	EndGlobalSection
	GlobalSection(SolutionProperties) = preSolution
		HideSolutionNode = FALSE
	EndGlobalSection
	GlobalSection(ExtensibilityGlobals) = postSolution
		SolutionGuid = {547341A8-F8FA-44BF-BA83-FFA6C0E66790}
	EndGlobalSection
EndGlobal
